{
  "version": 4,
  "terraform_version": "1.0.11",
  "serial": 62,
  "lineage": "393818c4-ad26-1839-a1d0-35920e94fd57",
  "outputs": {},
  "resources": [
    {
      "mode": "managed",
      "type": "scaleway_instance_ip",
      "name": "public_ip",
      "provider": "provider[\"registry.terraform.io/scaleway/scaleway\"]",
      "instances": [
        {
          "index_key": 0,
          "schema_version": 0,
          "attributes": {
            "address": "51.15.141.120",
            "id": "fr-par-1/e0ad3017-52d7-4cc9-b9bd-a3e73fb206ba",
            "organization_id": "6c2a04fc-b52a-42f8-a993-cbd5aa0713a2",
            "project_id": "6c2a04fc-b52a-42f8-a993-cbd5aa0713a2",
            "reverse": "",
            "server_id": "fr-par-1/8e1bbea5-e215-4b0e-9fd3-4a9e6734322c",
            "timeouts": null,
            "zone": "fr-par-1"
          },
          "sensitive_attributes": [],
          "private": "eyJlMmJmYjczMC1lY2FhLTExZTYtOGY4OC0zNDM2M2JjN2M0YzAiOnsiY3JlYXRlIjo2MDAwMDAwMDAwMCwiZGVmYXVsdCI6NjAwMDAwMDAwMDAsImRlbGV0ZSI6NjAwMDAwMDAwMDAsInJlYWQiOjYwMDAwMDAwMDAwLCJ1cGRhdGUiOjYwMDAwMDAwMDAwfX0="
        },
        {
          "index_key": 1,
          "schema_version": 0,
          "attributes": {
            "address": "51.158.119.223",
            "id": "fr-par-1/9159067e-3630-414b-b8f0-a210955c3487",
            "organization_id": "6c2a04fc-b52a-42f8-a993-cbd5aa0713a2",
            "project_id": "6c2a04fc-b52a-42f8-a993-cbd5aa0713a2",
            "reverse": "",
            "server_id": "",
            "timeouts": null,
            "zone": "fr-par-1"
          },
          "sensitive_attributes": [],
          "private": "eyJlMmJmYjczMC1lY2FhLTExZTYtOGY4OC0zNDM2M2JjN2M0YzAiOnsiY3JlYXRlIjo2MDAwMDAwMDAwMCwiZGVmYXVsdCI6NjAwMDAwMDAwMDAsImRlbGV0ZSI6NjAwMDAwMDAwMDAsInJlYWQiOjYwMDAwMDAwMDAwLCJ1cGRhdGUiOjYwMDAwMDAwMDAwfX0="
        }
      ]
    },
    {
      "mode": "managed",
      "type": "scaleway_instance_server",
      "name": "web",
      "provider": "provider[\"registry.terraform.io/scaleway/scaleway\"]",
      "instances": [
        {
          "index_key": 0,
          "schema_version": 0,
          "attributes": {
            "additional_volume_ids": [],
            "boot_type": "local",
            "bootscript_id": "fdfe150f-a870-4ce4-b432-9f56b5b995c1",
            "cloud_init": null,
            "enable_dynamic_ip": false,
            "enable_ipv6": false,
            "id": "fr-par-1/8e1bbea5-e215-4b0e-9fd3-4a9e6734322c",
            "image": "ubuntu_focal",
            "ip_id": "fr-par-1/e0ad3017-52d7-4cc9-b9bd-a3e73fb206ba",
            "ipv6_address": "",
            "ipv6_gateway": "",
            "ipv6_prefix_length": 0,
            "name": "tf-srv-sharp-bassi",
            "organization_id": "6c2a04fc-b52a-42f8-a993-cbd5aa0713a2",
            "placement_group_id": null,
            "placement_group_policy_respected": null,
            "private_ip": "10.70.100.43",
            "project_id": "6c2a04fc-b52a-42f8-a993-cbd5aa0713a2",
            "public_ip": "51.15.141.120",
            "root_volume": [
              {
                "delete_on_termination": true,
                "size_in_gb": 20,
                "volume_id": "fr-par-1/0c7d7559-57fc-48d4-ab90-63845865683d"
              }
            ],
            "security_group_id": "fr-par-1/8e59d526-1552-4aff-b9d4-8e3bbff7cdc1",
            "state": "started",
            "tags": [],
            "timeouts": null,
            "type": "DEV1-S",
            "user_data": {
              "DATABASE_URI": "postgres://root:Efrei2021*db@51.159.8.83:5592/rdb"
            },
            "zone": "fr-par-1"
          },
          "sensitive_attributes": [
            [
              {
                "type": "get_attr",
                "value": "user_data"
              },
              {
                "type": "index",
                "value": {
                  "value": "DATABASE_URI",
                  "type": "string"
                }
              }
            ]
          ],
          "private": "eyJlMmJmYjczMC1lY2FhLTExZTYtOGY4OC0zNDM2M2JjN2M0YzAiOnsiY3JlYXRlIjo2MDAwMDAwMDAwMDAsImRlZmF1bHQiOjYwMDAwMDAwMDAwMCwiZGVsZXRlIjo2MDAwMDAwMDAwMDAsInJlYWQiOjYwMDAwMDAwMDAwMCwidXBkYXRlIjo2MDAwMDAwMDAwMDB9fQ==",
          "dependencies": [
            "scaleway_instance_ip.public_ip",
            "scaleway_rdb_instance.main"
          ]
        },
        {
          "index_key": 1,
          "schema_version": 0,
          "attributes": {
            "additional_volume_ids": null,
            "boot_type": "local",
            "bootscript_id": "fdfe150f-a870-4ce4-b432-9f56b5b995c1",
            "cloud_init": null,
            "enable_dynamic_ip": false,
            "enable_ipv6": false,
            "id": "fr-par-1/e89f7c65-66bc-40e4-b49b-68670d023174",
            "image": "ubuntu_focal",
            "ip_id": "fr-par-1/9159067e-3630-414b-b8f0-a210955c3487",
            "ipv6_address": "",
            "ipv6_gateway": "",
            "ipv6_prefix_length": 0,
            "name": "tf-srv-condescending-bhaskara",
            "organization_id": "6c2a04fc-b52a-42f8-a993-cbd5aa0713a2",
            "placement_group_id": null,
            "placement_group_policy_respected": null,
            "private_ip": "10.68.14.13",
            "project_id": "6c2a04fc-b52a-42f8-a993-cbd5aa0713a2",
            "public_ip": "51.158.119.223",
            "root_volume": [
              {
                "delete_on_termination": true,
                "size_in_gb": 20,
                "volume_id": "fr-par-1/5b1f2261-4a13-439f-8034-8cba95783508"
              }
            ],
            "security_group_id": "fr-par-1/8e59d526-1552-4aff-b9d4-8e3bbff7cdc1",
            "state": "started",
            "tags": null,
            "timeouts": null,
            "type": "DEV1-S",
            "user_data": {
              "DATABASE_URI": "postgres://root:Efrei2021*db@51.159.8.83:5592/rdb"
            },
            "zone": "fr-par-1"
          },
          "sensitive_attributes": [
            [
              {
                "type": "get_attr",
                "value": "user_data"
              },
              {
                "type": "index",
                "value": {
                  "value": "DATABASE_URI",
                  "type": "string"
                }
              }
            ]
          ],
          "private": "eyJlMmJmYjczMC1lY2FhLTExZTYtOGY4OC0zNDM2M2JjN2M0YzAiOnsiY3JlYXRlIjo2MDAwMDAwMDAwMDAsImRlZmF1bHQiOjYwMDAwMDAwMDAwMCwiZGVsZXRlIjo2MDAwMDAwMDAwMDAsInJlYWQiOjYwMDAwMDAwMDAwMCwidXBkYXRlIjo2MDAwMDAwMDAwMDB9fQ==",
          "dependencies": [
            "scaleway_instance_ip.public_ip",
            "scaleway_rdb_instance.main"
          ]
        }
      ]
    },
    {
      "mode": "managed",
      "type": "scaleway_lb",
      "name": "base",
      "provider": "provider[\"registry.terraform.io/scaleway/scaleway\"]",
      "instances": [
        {
          "schema_version": 1,
          "attributes": {
            "id": "fr-par-1/9f107311-ded1-448d-b2e6-0213f0cf7b02",
            "ip_address": "195.154.69.177",
            "ip_id": "fr-par-1/c8f56f67-2897-4ac6-b9fe-018044cef1ff",
            "name": "tf-lb-youthful-euler",
            "organization_id": "6c2a04fc-b52a-42f8-a993-cbd5aa0713a2",
            "project_id": "6c2a04fc-b52a-42f8-a993-cbd5aa0713a2",
            "region": "fr-par",
            "tags": null,
            "timeouts": null,
            "type": "LB-S",
            "zone": "fr-par-1"
          },
          "sensitive_attributes": [],
          "private": "eyJlMmJmYjczMC1lY2FhLTExZTYtOGY4OC0zNDM2M2JjN2M0YzAiOnsiY3JlYXRlIjo2MDAwMDAwMDAwMDAsImRlZmF1bHQiOjYwMDAwMDAwMDAwMCwiZGVsZXRlIjo2MDAwMDAwMDAwMDAsInJlYWQiOjYwMDAwMDAwMDAwMCwidXBkYXRlIjo2MDAwMDAwMDAwMDB9LCJzY2hlbWFfdmVyc2lvbiI6IjEifQ==",
          "dependencies": [
            "scaleway_lb_ip.ip"
          ]
        }
      ]
    },
    {
      "mode": "managed",
      "type": "scaleway_lb_backend",
      "name": "backend01",
      "provider": "provider[\"registry.terraform.io/scaleway/scaleway\"]",
      "instances": [
        {
          "schema_version": 1,
          "attributes": {
            "forward_port": 80,
            "forward_port_algorithm": "roundrobin",
            "forward_protocol": "http",
            "health_check_delay": "1m0s",
            "health_check_http": [],
            "health_check_https": [],
            "health_check_max_retries": 2,
            "health_check_port": 80,
            "health_check_tcp": [
              {}
            ],
            "health_check_timeout": "30s",
            "id": "fr-par-1/97d8ea22-1163-41a3-87ac-b656fcc51e35",
            "lb_id": "fr-par-1/9f107311-ded1-448d-b2e6-0213f0cf7b02",
            "name": "backend01",
            "on_marked_down_action": "none",
            "proxy_protocol": "none",
            "send_proxy_v2": false,
            "server_ips": [
              "51.15.141.120",
              "51.158.119.223"
            ],
            "sticky_sessions": "none",
            "sticky_sessions_cookie_name": "",
            "timeout_connect": "",
            "timeout_server": "",
            "timeout_tunnel": "",
            "timeouts": null
          },
          "sensitive_attributes": [],
          "private": "eyJlMmJmYjczMC1lY2FhLTExZTYtOGY4OC0zNDM2M2JjN2M0YzAiOnsiY3JlYXRlIjo2MDAwMDAwMDAwMDAsImRlZmF1bHQiOjYwMDAwMDAwMDAwMCwiZGVsZXRlIjo2MDAwMDAwMDAwMDAsInJlYWQiOjYwMDAwMDAwMDAwMCwidXBkYXRlIjo2MDAwMDAwMDAwMDB9LCJzY2hlbWFfdmVyc2lvbiI6IjEifQ==",
          "dependencies": [
            "scaleway_instance_ip.public_ip",
            "scaleway_lb.base",
            "scaleway_lb_ip.ip"
          ]
        }
      ]
    },
    {
      "mode": "managed",
      "type": "scaleway_lb_frontend",
      "name": "frontend01",
      "provider": "provider[\"registry.terraform.io/scaleway/scaleway\"]",
      "instances": [
        {
          "schema_version": 1,
          "attributes": {
            "acl": [],
            "backend_id": "fr-par-1/97d8ea22-1163-41a3-87ac-b656fcc51e35",
            "certificate_id": "",
            "id": "fr-par-1/15eb0811-653b-4656-8cdc-50285bf780ba",
            "inbound_port": 80,
            "lb_id": "fr-par-1/9f107311-ded1-448d-b2e6-0213f0cf7b02",
            "name": "frontend01",
            "timeout_client": "",
            "timeouts": null
          },
          "sensitive_attributes": [],
          "private": "eyJlMmJmYjczMC1lY2FhLTExZTYtOGY4OC0zNDM2M2JjN2M0YzAiOnsiY3JlYXRlIjo2MDAwMDAwMDAwMDAsImRlZmF1bHQiOjYwMDAwMDAwMDAwMCwiZGVsZXRlIjo2MDAwMDAwMDAwMDAsInJlYWQiOjYwMDAwMDAwMDAwMCwidXBkYXRlIjo2MDAwMDAwMDAwMDB9LCJzY2hlbWFfdmVyc2lvbiI6IjEifQ==",
          "dependencies": [
            "scaleway_instance_ip.public_ip",
            "scaleway_lb.base",
            "scaleway_lb_backend.backend01",
            "scaleway_lb_ip.ip"
          ]
        }
      ]
    },
    {
      "mode": "managed",
      "type": "scaleway_lb_ip",
      "name": "ip",
      "provider": "provider[\"registry.terraform.io/scaleway/scaleway\"]",
      "instances": [
        {
          "schema_version": 1,
          "attributes": {
            "id": "fr-par-1/c8f56f67-2897-4ac6-b9fe-018044cef1ff",
            "ip_address": "195.154.69.177",
            "lb_id": "",
            "organization_id": "6c2a04fc-b52a-42f8-a993-cbd5aa0713a2",
            "project_id": "6c2a04fc-b52a-42f8-a993-cbd5aa0713a2",
            "region": "fr-par",
            "reverse": "195-154-69-177.lb.fr-par.scw.cloud",
            "timeouts": null,
            "zone": "fr-par-1"
          },
          "sensitive_attributes": [],
          "private": "eyJlMmJmYjczMC1lY2FhLTExZTYtOGY4OC0zNDM2M2JjN2M0YzAiOnsiY3JlYXRlIjo2MDAwMDAwMDAwMDAsImRlZmF1bHQiOjYwMDAwMDAwMDAwMCwiZGVsZXRlIjo2MDAwMDAwMDAwMDAsInJlYWQiOjYwMDAwMDAwMDAwMCwidXBkYXRlIjo2MDAwMDAwMDAwMDB9LCJzY2hlbWFfdmVyc2lvbiI6IjEifQ=="
        }
      ]
    },
    {
      "mode": "managed",
      "type": "scaleway_rdb_instance",
      "name": "main",
      "provider": "provider[\"registry.terraform.io/scaleway/scaleway\"]",
      "instances": [
        {
          "schema_version": 0,
          "attributes": {
            "certificate": "-----BEGIN CERTIFICATE-----\nMIID9TCCAt2gAwIBAgIUKYpdZ20HdtGxzy5ufYrYZZONEzowDQYJKoZIhvcNAQEL\nBQAwgYcxCzAJBgNVBAYTAkZSMQ4wDAYDVQQIDAVQYXJpczEOMAwGA1UEBwwFUGFy\naXMxETAPBgNVBAoMCFNjYWxld2F5MUUwQwYDVQQDDDxydy04MjExYzgwMy0zNDFl\nLTQ3NjgtYWExMS04MzNlMmFiNjEyNjMucmRiLmZyLXBhci5zY3cuY2xvdWQwHhcN\nMjExMTI0MTAxMjU4WhcNMzExMTIyMTAxMjU4WjCBhzELMAkGA1UEBhMCRlIxDjAM\nBgNVBAgMBVBhcmlzMQ4wDAYDVQQHDAVQYXJpczERMA8GA1UECgwIU2NhbGV3YXkx\nRTBDBgNVBAMMPHJ3LTgyMTFjODAzLTM0MWUtNDc2OC1hYTExLTgzM2UyYWI2MTI2\nMy5yZGIuZnItcGFyLnNjdy5jbG91ZDCCASIwDQYJKoZIhvcNAQEBBQADggEPADCC\nAQoCggEBAOOpX3PiCdoAuzGJxE4KRoJBlWJlyvPs4A5LDsQt9LZXczZrvJ36YkPG\nN2CXeeqiRLcoDiTqdfOb0tMrN9qPE1ktOz3QDLRAFdULY1xjyG1jMORMdN1afBvq\nRSlieM5hqYm5ZHRn8Fxbe53kQd9pCiCNe5ulz9EkOwHVp3//VASiPKzeUDFY6v3x\nTwNZkanugquCdY5hAJPty4XRM3yAskF2CqMbmJLccXtDHXVjApiA8lLpYOesqKa+\nLdyogdJOmgsHST5Wbn2Z5OekkCU92dDg3Dy5Hbcdn6lZIN1DWe9SI0tcamTCQsho\nLE1RuC0gmnhf5/0PB4ROEFO2dzHpilECAwEAAaNXMFUwUwYDVR0RBEwwSoI8cnct\nODIxMWM4MDMtMzQxZS00NzY4LWFhMTEtODMzZTJhYjYxMjYzLnJkYi5mci1wYXIu\nc2N3LmNsb3VkhwSjrIWIhwQznwhTMA0GCSqGSIb3DQEBCwUAA4IBAQBI8h1k5dVF\n0H3IUyUKRQcnw5mJAFf0CZl4k4zpb0y20DXz1M4ch2CX2Vt3J319vhugzEeIhoUd\nxCLm9gMOjJjdl6XjogyG9q2ESco+ICVj2P8uNNjv2uDvcM7F54Bdmwco519YC2jh\nfOuZWjD+Q2TpoV/8qgyjjYHjbMT+L67XRWYPlxtJncsLzu4D9SA2Q0+c8vwqv4cU\nKqBh0Yt37xJam/MRXb1wLEQvRT6LuLjNP5HQwer93iETnZaQVwUDuUeAbpDY68Xk\n48SfmHBpgrzXFKuowSh3a9/ZtD3Mm3CJEOzMeHI/ebKxjyzRuxNvvd6+2junKkLt\npc02aSyGyeoW\n-----END CERTIFICATE-----\n",
            "disable_backup": true,
            "endpoint_ip": "51.159.8.83",
            "endpoint_port": 5592,
            "engine": "PostgreSQL-12",
            "id": "fr-par/8211c803-341e-4768-aa11-833e2ab61263",
            "is_ha_cluster": false,
            "name": "test-rdb",
            "node_type": "db-dev-s",
            "organization_id": "6c2a04fc-b52a-42f8-a993-cbd5aa0713a2",
            "password": "Efrei2021*db",
            "project_id": "6c2a04fc-b52a-42f8-a993-cbd5aa0713a2",
            "read_replicas": [],
            "region": "fr-par",
            "settings": {
              "effective_cache_size": "1300",
              "maintenance_work_mem": "150",
              "max_connections": "100",
              "max_parallel_workers": "0",
              "max_parallel_workers_per_gather": "0",
              "work_mem": "4"
            },
            "tags": [],
            "timeouts": null,
            "user_name": "root",
            "volume_size_in_gb": 5,
            "volume_type": "lssd"
          },
          "sensitive_attributes": [],
          "private": "eyJlMmJmYjczMC1lY2FhLTExZTYtOGY4OC0zNDM2M2JjN2M0YzAiOnsiY3JlYXRlIjo5MDAwMDAwMDAwMDAsImRlZmF1bHQiOjkwMDAwMDAwMDAwMCwiZGVsZXRlIjo5MDAwMDAwMDAwMDAsInJlYWQiOjkwMDAwMDAwMDAwMCwidXBkYXRlIjo5MDAwMDAwMDAwMDB9fQ=="
        }
      ]
    }
  ]
}
